
Microsoft Visual Studio Solution File, Format Version 12.00
# Visual Studio Version 17
VisualStudioVersion = 17.13.35818.85 d17.13
MinimumVisualStudioVersion = 10.0.40219.1
Project("{FAE04EC0-301F-11D3-BF4B-00C04F79EFBC}") = "Operator_Challenge", "Operator_Challenge\Operator_Challenge.csproj", "{F278A5C7-2835-4F58-8451-667B4A3F017F}"
EndProject
Global
	GlobalSection(SolutionConfigurationPlatforms) = preSolution
		Debug|Any CPU = Debug|Any CPU
		Release|Any CPU = Release|Any CPU
	EndGlobalSection
	GlobalSection(ProjectConfigurationPlatforms) = postSolution
		{F278A5C7-2835-4F58-8451-667B4A3F017F}.Debug|Any CPU.ActiveCfg = Debug|Any CPU
		{F278A5C7-2835-4F58-8451-667B4A3F017F}.Debug|Any CPU.Build.0 = Debug|Any CPU
		{F278A5C7-2835-4F58-8451-667B4A3F017F}.Release|Any CPU.ActiveCfg = Release|Any CPU
		{F278A5C7-2835-4F58-8451-667B4A3F017F}.Release|Any CPU.Build.0 = Release|Any CPU
	EndGlobalSection
	GlobalSection(SolutionProperties) = preSolution
		HideSolutionNode = FALSE
	EndGlobalSection
	GlobalSection(ExtensibilityGlobals) = postSolution
		SolutionGuid = {97199927-B3FA-4D0C-9F49-27C109CB6106}
	EndGlobalSection
EndGlobal
