
Microsoft Visual Studio Solution File, Format Version 12.00
# Visual Studio Version 17
VisualStudioVersion = 17.13.35818.85 d17.13
MinimumVisualStudioVersion = 10.0.40219.1
Project("{FAE04EC0-301F-11D3-BF4B-00C04F79EFBC}") = "Six-Part_Assignment", "Six-Part_Assignment\Six-Part_Assignment.csproj", "{905AADFA-26A1-4EE9-A38F-84D98624BD91}"
EndProject
Global
	GlobalSection(SolutionConfigurationPlatforms) = preSolution
		Debug|Any CPU = Debug|Any CPU
		Release|Any CPU = Release|Any CPU
	EndGlobalSection
	GlobalSection(ProjectConfigurationPlatforms) = postSolution
		{905AADFA-26A1-4EE9-A38F-84D98624BD91}.Debug|Any CPU.ActiveCfg = Debug|Any CPU
		{905AADFA-26A1-4EE9-A38F-84D98624BD91}.Debug|Any CPU.Build.0 = Debug|Any CPU
		{905AADFA-26A1-4EE9-A38F-84D98624BD91}.Release|Any CPU.ActiveCfg = Release|Any CPU
		{905AADFA-26A1-4EE9-A38F-84D98624BD91}.Release|Any CPU.Build.0 = Release|Any CPU
	EndGlobalSection
	GlobalSection(SolutionProperties) = preSolution
		HideSolutionNode = FALSE
	EndGlobalSection
	GlobalSection(ExtensibilityGlobals) = postSolution
		SolutionGuid = {A6487414-20CD-4E4D-85A4-5D8475721148}
	EndGlobalSection
EndGlobal
