
Microsoft Visual Studio Solution File, Format Version 12.00
# Visual Studio Version 17
VisualStudioVersion = 17.13.35818.85 d17.13
MinimumVisualStudioVersion = 10.0.40219.1
Project("{FAE04EC0-301F-11D3-BF4B-00C04F79EFBC}") = "Console_App_6Part-Assignment-Part4", "Console_App_6Part-Assignment-Part4\Console_App_6Part-Assignment-Part4.csproj", "{6EC39BF7-DCEC-4A70-8DF2-AACC2137C69D}"
EndProject
Global
	GlobalSection(SolutionConfigurationPlatforms) = preSolution
		Debug|Any CPU = Debug|Any CPU
		Release|Any CPU = Release|Any CPU
	EndGlobalSection
	GlobalSection(ProjectConfigurationPlatforms) = postSolution
		{6EC39BF7-DCEC-4A70-8DF2-AACC2137C69D}.Debug|Any CPU.ActiveCfg = Debug|Any CPU
		{6EC39BF7-DCEC-4A70-8DF2-AACC2137C69D}.Debug|Any CPU.Build.0 = Debug|Any CPU
		{6EC39BF7-DCEC-4A70-8DF2-AACC2137C69D}.Release|Any CPU.ActiveCfg = Release|Any CPU
		{6EC39BF7-DCEC-4A70-8DF2-AACC2137C69D}.Release|Any CPU.Build.0 = Release|Any CPU
	EndGlobalSection
	GlobalSection(SolutionProperties) = preSolution
		HideSolutionNode = FALSE
	EndGlobalSection
	GlobalSection(ExtensibilityGlobals) = postSolution
		SolutionGuid = {C9EA8775-A23A-4DFB-997B-D6529068BF75}
	EndGlobalSection
EndGlobal
