
Microsoft Visual Studio Solution File, Format Version 12.00
# Visual Studio Version 17
VisualStudioVersion = 17.13.35818.85 d17.13
MinimumVisualStudioVersion = 10.0.40219.1
Project("{FAE04EC0-301F-11D3-BF4B-00C04F79EFBC}") = "Boolean_Car_Insurance", "Boolean_Car_Insurance\Boolean_Car_Insurance.csproj", "{130BA7E0-BBA5-4C44-B7FB-EBD685BA0905}"
EndProject
Global
	GlobalSection(SolutionConfigurationPlatforms) = preSolution
		Debug|Any CPU = Debug|Any CPU
		Release|Any CPU = Release|Any CPU
	EndGlobalSection
	GlobalSection(ProjectConfigurationPlatforms) = postSolution
		{130BA7E0-BBA5-4C44-B7FB-EBD685BA0905}.Debug|Any CPU.ActiveCfg = Debug|Any CPU
		{130BA7E0-BBA5-4C44-B7FB-EBD685BA0905}.Debug|Any CPU.Build.0 = Debug|Any CPU
		{130BA7E0-BBA5-4C44-B7FB-EBD685BA0905}.Release|Any CPU.ActiveCfg = Release|Any CPU
		{130BA7E0-BBA5-4C44-B7FB-EBD685BA0905}.Release|Any CPU.Build.0 = Release|Any CPU
	EndGlobalSection
	GlobalSection(SolutionProperties) = preSolution
		HideSolutionNode = FALSE
	EndGlobalSection
	GlobalSection(ExtensibilityGlobals) = postSolution
		SolutionGuid = {73F17FE7-8BC3-460F-9BBD-0DA77F808CFD}
	EndGlobalSection
EndGlobal
