
Microsoft Visual Studio Solution File, Format Version 12.00
# Visual Studio Version 17
VisualStudioVersion = 17.13.35818.85 d17.13
MinimumVisualStudioVersion = 10.0.40219.1
Project("{FAE04EC0-301F-11D3-BF4B-00C04F79EFBC}") = "Console_App_6Part_Assignment Part 1", "Console_App_6Part_Assignment Part 1\Console_App_6Part_Assignment Part 1.csproj", "{A5C92F43-A93C-435A-A05A-32CE90E51E66}"
EndProject
Global
	GlobalSection(SolutionConfigurationPlatforms) = preSolution
		Debug|Any CPU = Debug|Any CPU
		Release|Any CPU = Release|Any CPU
	EndGlobalSection
	GlobalSection(ProjectConfigurationPlatforms) = postSolution
		{A5C92F43-A93C-435A-A05A-32CE90E51E66}.Debug|Any CPU.ActiveCfg = Debug|Any CPU
		{A5C92F43-A93C-435A-A05A-32CE90E51E66}.Debug|Any CPU.Build.0 = Debug|Any CPU
		{A5C92F43-A93C-435A-A05A-32CE90E51E66}.Release|Any CPU.ActiveCfg = Release|Any CPU
		{A5C92F43-A93C-435A-A05A-32CE90E51E66}.Release|Any CPU.Build.0 = Release|Any CPU
	EndGlobalSection
	GlobalSection(SolutionProperties) = preSolution
		HideSolutionNode = FALSE
	EndGlobalSection
	GlobalSection(ExtensibilityGlobals) = postSolution
		SolutionGuid = {76BB36EA-CDCC-4468-BCA0-34747FE5639C}
	EndGlobalSection
EndGlobal
