
Microsoft Visual Studio Solution File, Format Version 12.00
# Visual Studio Version 17
VisualStudioVersion = 17.13.35818.85 d17.13
MinimumVisualStudioVersion = 10.0.40219.1
Project("{FAE04EC0-301F-11D3-BF4B-00C04F79EFBC}") = "Operators_Assignment", "Operators_Assignment\Operators_Assignment.csproj", "{FE09DFB4-92E5-4274-A696-B06C7BE8FABF}"
EndProject
Global
	GlobalSection(SolutionConfigurationPlatforms) = preSolution
		Debug|Any CPU = Debug|Any CPU
		Release|Any CPU = Release|Any CPU
	EndGlobalSection
	GlobalSection(ProjectConfigurationPlatforms) = postSolution
		{FE09DFB4-92E5-4274-A696-B06C7BE8FABF}.Debug|Any CPU.ActiveCfg = Debug|Any CPU
		{FE09DFB4-92E5-4274-A696-B06C7BE8FABF}.Debug|Any CPU.Build.0 = Debug|Any CPU
		{FE09DFB4-92E5-4274-A696-B06C7BE8FABF}.Release|Any CPU.ActiveCfg = Release|Any CPU
		{FE09DFB4-92E5-4274-A696-B06C7BE8FABF}.Release|Any CPU.Build.0 = Release|Any CPU
	EndGlobalSection
	GlobalSection(SolutionProperties) = preSolution
		HideSolutionNode = FALSE
	EndGlobalSection
	GlobalSection(ExtensibilityGlobals) = postSolution
		SolutionGuid = {9357D62A-7543-4DA3-8910-9B5A1266C208}
	EndGlobalSection
EndGlobal
