
Microsoft Visual Studio Solution File, Format Version 12.00
# Visual Studio Version 17
VisualStudioVersion = 17.13.35818.85 d17.13
MinimumVisualStudioVersion = 10.0.40219.1
Project("{FAE04EC0-301F-11D3-BF4B-00C04F79EFBC}") = "Parameters_Assignment", "Parameters_Assignment\Parameters_Assignment.csproj", "{EFCA782E-65F6-443A-BE7E-47814364BFC6}"
EndProject
Global
	GlobalSection(SolutionConfigurationPlatforms) = preSolution
		Debug|Any CPU = Debug|Any CPU
		Release|Any CPU = Release|Any CPU
	EndGlobalSection
	GlobalSection(ProjectConfigurationPlatforms) = postSolution
		{EFCA782E-65F6-443A-BE7E-47814364BFC6}.Debug|Any CPU.ActiveCfg = Debug|Any CPU
		{EFCA782E-65F6-443A-BE7E-47814364BFC6}.Debug|Any CPU.Build.0 = Debug|Any CPU
		{EFCA782E-65F6-443A-BE7E-47814364BFC6}.Release|Any CPU.ActiveCfg = Release|Any CPU
		{EFCA782E-65F6-443A-BE7E-47814364BFC6}.Release|Any CPU.Build.0 = Release|Any CPU
	EndGlobalSection
	GlobalSection(SolutionProperties) = preSolution
		HideSolutionNode = FALSE
	EndGlobalSection
	GlobalSection(ExtensibilityGlobals) = postSolution
		SolutionGuid = {722F5F5E-93E2-454A-B571-CB53841FB7B0}
	EndGlobalSection
EndGlobal
