
Microsoft Visual Studio Solution File, Format Version 12.00
# Visual Studio Version 17
VisualStudioVersion = 17.13.35818.85 d17.13
MinimumVisualStudioVersion = 10.0.40219.1
Project("{FAE04EC0-301F-11D3-BF4B-00C04F79EFBC}") = "Conditional_Statements_Challenge", "Conditional_Statements_Challenge\Conditional_Statements_Challenge.csproj", "{211CF87D-C97D-488A-A27A-1F8EB64E4992}"
EndProject
Global
	GlobalSection(SolutionConfigurationPlatforms) = preSolution
		Debug|Any CPU = Debug|Any CPU
		Release|Any CPU = Release|Any CPU
	EndGlobalSection
	GlobalSection(ProjectConfigurationPlatforms) = postSolution
		{211CF87D-C97D-488A-A27A-1F8EB64E4992}.Debug|Any CPU.ActiveCfg = Debug|Any CPU
		{211CF87D-C97D-488A-A27A-1F8EB64E4992}.Debug|Any CPU.Build.0 = Debug|Any CPU
		{211CF87D-C97D-488A-A27A-1F8EB64E4992}.Release|Any CPU.ActiveCfg = Release|Any CPU
		{211CF87D-C97D-488A-A27A-1F8EB64E4992}.Release|Any CPU.Build.0 = Release|Any CPU
	EndGlobalSection
	GlobalSection(SolutionProperties) = preSolution
		HideSolutionNode = FALSE
	EndGlobalSection
	GlobalSection(ExtensibilityGlobals) = postSolution
		SolutionGuid = {952ED4AE-C089-43FC-88FD-56A23C4D2623}
	EndGlobalSection
EndGlobal
