
Microsoft Visual Studio Solution File, Format Version 12.00
# Visual Studio Version 17
VisualStudioVersion = 17.13.35818.85 d17.13
MinimumVisualStudioVersion = 10.0.40219.1
Project("{FAE04EC0-301F-11D3-BF4B-00C04F79EFBC}") = "Lambda_Expression_Assignment", "Lambda_Expression_Assignment\Lambda_Expression_Assignment.csproj", "{87EE0883-3228-4A55-BBD9-AF5628330E4A}"
EndProject
Global
	GlobalSection(SolutionConfigurationPlatforms) = preSolution
		Debug|Any CPU = Debug|Any CPU
		Release|Any CPU = Release|Any CPU
	EndGlobalSection
	GlobalSection(ProjectConfigurationPlatforms) = postSolution
		{87EE0883-3228-4A55-BBD9-AF5628330E4A}.Debug|Any CPU.ActiveCfg = Debug|Any CPU
		{87EE0883-3228-4A55-BBD9-AF5628330E4A}.Debug|Any CPU.Build.0 = Debug|Any CPU
		{87EE0883-3228-4A55-BBD9-AF5628330E4A}.Release|Any CPU.ActiveCfg = Release|Any CPU
		{87EE0883-3228-4A55-BBD9-AF5628330E4A}.Release|Any CPU.Build.0 = Release|Any CPU
	EndGlobalSection
	GlobalSection(SolutionProperties) = preSolution
		HideSolutionNode = FALSE
	EndGlobalSection
	GlobalSection(ExtensibilityGlobals) = postSolution
		SolutionGuid = {0DD160ED-78C2-45A1-A9FB-05CB13C1A0D5}
	EndGlobalSection
EndGlobal
