
Microsoft Visual Studio Solution File, Format Version 12.00
# Visual Studio Version 17
VisualStudioVersion = 17.13.35818.85 d17.13
MinimumVisualStudioVersion = 10.0.40219.1
Project("{FAE04EC0-301F-11D3-BF4B-00C04F79EFBC}") = "Abstract_Class_Assignment", "Abstract_Class_Assignment\Abstract_Class_Assignment.csproj", "{B72C0B29-234C-41C3-86CD-E251CB130FDE}"
EndProject
Global
	GlobalSection(SolutionConfigurationPlatforms) = preSolution
		Debug|Any CPU = Debug|Any CPU
		Release|Any CPU = Release|Any CPU
	EndGlobalSection
	GlobalSection(ProjectConfigurationPlatforms) = postSolution
		{B72C0B29-234C-41C3-86CD-E251CB130FDE}.Debug|Any CPU.ActiveCfg = Debug|Any CPU
		{B72C0B29-234C-41C3-86CD-E251CB130FDE}.Debug|Any CPU.Build.0 = Debug|Any CPU
		{B72C0B29-234C-41C3-86CD-E251CB130FDE}.Release|Any CPU.ActiveCfg = Release|Any CPU
		{B72C0B29-234C-41C3-86CD-E251CB130FDE}.Release|Any CPU.Build.0 = Release|Any CPU
	EndGlobalSection
	GlobalSection(SolutionProperties) = preSolution
		HideSolutionNode = FALSE
	EndGlobalSection
	GlobalSection(ExtensibilityGlobals) = postSolution
		SolutionGuid = {9612F190-7197-4237-8D8E-D504E52BFEB0}
	EndGlobalSection
EndGlobal
